<?xml version="1.0" encoding="utf-8"?>
<Project ToolsVersion="4.0" xmlns="http://schemas.microsoft.com/developer/msbuild/2003">
  <ItemGroup>
    <Filter Include="リソース ファイル">
      <UniqueIdentifier>{67DA6AB6-F800-4c08-8B7A-83BB121AAD01}</UniqueIdentifier>
      <Extensions>rc;ico;cur;bmp;dlg;rc2;rct;bin;rgs;gif;jpg;jpeg;jpe;resx;tiff;tif;png;wav;mfcribbon-ms</Extensions>
    </Filter>
    <Filter Include="F">
      <UniqueIdentifier>{4FC737F1-C7A5-4376-A066-2A32D752A2FF}</UniqueIdentifier>
      <Extensions>cpp;c;cc;cxx;c++;cppm;ixx;def;odl;idl;hpj;bat;asm;asmx</Extensions>
    </Filter>
    <Filter Include="F\GameObject">
      <UniqueIdentifier>{55302b32-43f2-442f-bc4e-c48b29924785}</UniqueIdentifier>
    </Filter>
    <Filter Include="F\Animation">
      <UniqueIdentifier>{eeefebce-b8d8-469f-a995-cb0664b0ce9a}</UniqueIdentifier>
    </Filter>
    <Filter Include="F\FBX">
      <UniqueIdentifier>{03cb2fba-f0c0-40b8-b1ca-4361850989c7}</UniqueIdentifier>
    </Filter>
    <Filter Include="F\Buffe">
      <UniqueIdentifier>{4e0a4372-8ba8-4820-9ee7-f3d686149f24}</UniqueIdentifier>
    </Filter>
    <Filter Include="F\Engine">
      <UniqueIdentifier>{da86439e-0957-4cb5-9493-94edcfd42138}</UniqueIdentifier>
    </Filter>
    <Filter Include="F\Resources">
      <UniqueIdentifier>{f3b1454b-64a3-4a29-8fe6-05a1d2ff33f4}</UniqueIdentifier>
    </Filter>
    <Filter Include="F\Rederer">
      <UniqueIdentifier>{88799566-a06c-4eb9-9fc2-f27c0e2be63d}</UniqueIdentifier>
    </Filter>
    <Filter Include="F\Scene">
      <UniqueIdentifier>{5a210913-fb45-4fe8-8ac9-16ae1ff7e225}</UniqueIdentifier>
    </Filter>
    <Filter Include="F\Collider">
      <UniqueIdentifier>{d0cf796b-834d-40b3-96b0-c27809da7cc5}</UniqueIdentifier>
    </Filter>
    <Filter Include="F\UI">
      <UniqueIdentifier>{713db6fc-8c25-4417-820f-03c18371e77d}</UniqueIdentifier>
    </Filter>
    <Filter Include="F\GameObject\Player">
      <UniqueIdentifier>{d26a724b-a990-47f8-8d1c-f27edf5d9561}</UniqueIdentifier>
    </Filter>
    <Filter Include="F\Scene\GameOverScene">
      <UniqueIdentifier>{55acda99-d0e3-40cc-9a39-bcccce202449}</UniqueIdentifier>
    </Filter>
    <Filter Include="F\Scene\StartScene">
      <UniqueIdentifier>{596ce200-02e8-4b04-a8b6-31ec7a5ad998}</UniqueIdentifier>
    </Filter>
    <Filter Include="F\Slot">
      <UniqueIdentifier>{f0b48fbe-0675-40e5-8f18-03fba547807e}</UniqueIdentifier>
    </Filter>
    <Filter Include="F\Scene\GameScene">
      <UniqueIdentifier>{6e83e59e-7f0c-4d3c-ac45-0bbe228547e5}</UniqueIdentifier>
    </Filter>
    <Filter Include="F\Scene\Stage">
      <UniqueIdentifier>{b554d6c9-d097-4b1a-8ccd-326f98433217}</UniqueIdentifier>
    </Filter>
    <Filter Include="F\imgui">
      <UniqueIdentifier>{1a837d58-5a8b-4d9b-a9a7-1f031fdf2e43}</UniqueIdentifier>
    </Filter>
    <Filter Include="F\imgui\backends">
      <UniqueIdentifier>{8ac05e69-575d-44fb-b796-8264e8dd6edb}</UniqueIdentifier>
    </Filter>
  </ItemGroup>
  <ItemGroup>
    <ClCompile Include="MeshLibrary.cpp">
      <Filter>F\GameObject</Filter>
    </ClCompile>
    <ClCompile Include="FbxModelLoader.cpp">
      <Filter>F\FBX</Filter>
    </ClCompile>
    <ClCompile Include="Animator.cpp">
      <Filter>F\Animation</Filter>
    </ClCompile>
    <ClCompile Include="BufferManager.cpp">
      <Filter>F\Buffe</Filter>
    </ClCompile>
    <ClCompile Include="DepthBufferManager.cpp">
      <Filter>F\Buffe</Filter>
    </ClCompile>
    <ClCompile Include="PipelineManager.cpp">
      <Filter>F\Buffe</Filter>
    </ClCompile>
    <ClCompile Include="EngineManager.cpp">
      <Filter>F\Engine</Filter>
    </ClCompile>
    <ClCompile Include="ApplicationManager.cpp">
      <Filter>F\Engine</Filter>
    </ClCompile>
    <ClCompile Include="TextureManager.cpp">
      <Filter>F\Resources</Filter>
    </ClCompile>
    <ClCompile Include="DeviceManager.cpp">
      <Filter>F\Buffe</Filter>
    </ClCompile>
    <ClCompile Include="SwapChainManager.cpp">
      <Filter>F\Buffe</Filter>
    </ClCompile>
    <ClCompile Include="Main.cpp">
      <Filter>F\Engine</Filter>
    </ClCompile>
    <ClCompile Include="Renderer.cpp">
      <Filter>F\Rederer</Filter>
    </ClCompile>
    <ClCompile Include="StaticMeshRenderer.cpp">
      <Filter>F\Rederer</Filter>
    </ClCompile>
    <ClCompile Include="SkinnedMeshRenderer.cpp">
      <Filter>F\Rederer</Filter>
    </ClCompile>
    <ClCompile Include="Collider.cpp">
      <Filter>F\Collider</Filter>
    </ClCompile>
    <ClCompile Include="UIImage.cpp">
      <Filter>F\UI</Filter>
    </ClCompile>
    <ClCompile Include="ObjectFactory.cpp">
      <Filter>F\GameObject</Filter>
    </ClCompile>
    <ClCompile Include="Player1Component.cpp">
      <Filter>F\GameObject\Player</Filter>
    </ClCompile>
    <ClCompile Include="Player2Component.cpp">
      <Filter>F\GameObject\Player</Filter>
    </ClCompile>
    <ClCompile Include="GameOverScene.cpp">
      <Filter>F\Scene\GameOverScene</Filter>
    </ClCompile>
    <ClCompile Include="StartScene.cpp">
      <Filter>F\Scene\StartScene</Filter>
    </ClCompile>
    <ClCompile Include="ReelComponent.cpp">
      <Filter>F\Slot</Filter>
    </ClCompile>
    <ClCompile Include="GameUIManager.cpp">
      <Filter>F\UI</Filter>
    </ClCompile>
    <ClCompile Include="GameScene.cpp">
      <Filter>F\Scene\GameScene</Filter>
    </ClCompile>
    <ClCompile Include="PlayerManager.cpp">
      <Filter>F\GameObject\Player</Filter>
    </ClCompile>
    <ClCompile Include="AnimationManager.cpp">
      <Filter>F\Animation</Filter>
    </ClCompile>
    <ClCompile Include="StageManager.cpp">
      <Filter>F\Scene\Stage</Filter>
    </ClCompile>
    <ClCompile Include="ReelController.cpp">
      <Filter>F\Slot</Filter>
    </ClCompile>
    <ClCompile Include="ReelJudge.cpp">
      <Filter>F\Slot</Filter>
    </ClCompile>
    <ClCompile Include="imgui.cpp">
      <Filter>F\imgui</Filter>
    </ClCompile>
    <ClCompile Include="imgui_demo.cpp">
      <Filter>F\imgui</Filter>
    </ClCompile>
    <ClCompile Include="imgui_draw.cpp">
      <Filter>F\imgui</Filter>
    </ClCompile>
    <ClCompile Include="imgui_tables.cpp">
      <Filter>F\imgui</Filter>
    </ClCompile>
    <ClCompile Include="imgui_widgets.cpp">
      <Filter>F\imgui</Filter>
    </ClCompile>
    <ClCompile Include="imgui_impl_dx12.cpp">
      <Filter>F\imgui\backends</Filter>
    </ClCompile>
    <ClCompile Include="imgui_impl_win32.cpp">
      <Filter>F\imgui\backends</Filter>
    </ClCompile>
  </ItemGroup>
  <ItemGroup>
    <ClInclude Include="GameObject.h">
      <Filter>F\GameObject</Filter>
    </ClInclude>
    <ClInclude Include="Colors.h">
      <Filter>F\GameObject</Filter>
    </ClInclude>
    <ClInclude Include="Component.h">
      <Filter>F\GameObject</Filter>
    </ClInclude>
    <ClInclude Include="Transform.h">
      <Filter>F\GameObject</Filter>
    </ClInclude>
    <ClInclude Include="MeshLibrary.h">
      <Filter>F\GameObject</Filter>
    </ClInclude>
    <ClInclude Include="FbxModelLoader.h">
      <Filter>F\FBX</Filter>
    </ClInclude>
    <ClInclude Include="Animator.h">
      <Filter>F\Animation</Filter>
    </ClInclude>
    <ClInclude Include="BufferManager.h">
      <Filter>F\Buffe</Filter>
    </ClInclude>
    <ClInclude Include="DepthBufferManager.h">
      <Filter>F\Buffe</Filter>
    </ClInclude>
    <ClInclude Include="PipelineManager.h">
      <Filter>F\Buffe</Filter>
    </ClInclude>
    <ClInclude Include="EngineManager.h">
      <Filter>F\Engine</Filter>
    </ClInclude>
    <ClInclude Include="ApplicationManager.h">
      <Filter>F\Engine</Filter>
    </ClInclude>
    <ClInclude Include="TextureManager.h">
      <Filter>F\Resources</Filter>
    </ClInclude>
    <ClInclude Include="stb_image.h">
      <Filter>F\Resources</Filter>
    </ClInclude>
    <ClInclude Include="BIN_FILE12.h">
      <Filter>F\Resources</Filter>
    </ClInclude>
    <ClInclude Include="DeviceManager.h">
      <Filter>F\Buffe</Filter>
    </ClInclude>
    <ClInclude Include="SwapChainManager.h">
      <Filter>F\Buffe</Filter>
    </ClInclude>
    <ClInclude Include="d3dx12.h">
      <Filter>F\Resources</Filter>
    </ClInclude>
    <ClInclude Include="Renderer.h">
      <Filter>F\Rederer</Filter>
    </ClInclude>
    <ClInclude Include="StaticMeshRenderer.h">
      <Filter>F\Rederer</Filter>
    </ClInclude>
    <ClInclude Include="SkinnedMeshRenderer.h">
      <Filter>F\Rederer</Filter>
    </ClInclude>
    <ClInclude Include="BaseMeshRenderer.h">
      <Filter>F\Rederer</Filter>
    </ClInclude>
    <ClInclude Include="Scene.h">
      <Filter>F\Scene</Filter>
    </ClInclude>
    <ClInclude Include="Collider.h">
      <Filter>F\Collider</Filter>
    </ClInclude>
    <ClInclude Include="UIComponent.h">
      <Filter>F\UI</Filter>
    </ClInclude>
    <ClInclude Include="UIImage.h">
      <Filter>F\UI</Filter>
    </ClInclude>
    <ClInclude Include="Camera.h">
      <Filter>F\Scene</Filter>
    </ClInclude>
    <ClInclude Include="ObjectFactory.h">
      <Filter>F\GameObject</Filter>
    </ClInclude>
    <ClInclude Include="Player1Component.h">
      <Filter>F\GameObject\Player</Filter>
    </ClInclude>
    <ClInclude Include="Player2Component.h">
      <Filter>F\GameObject\Player</Filter>
    </ClInclude>
    <ClInclude Include="PlayerState.h">
      <Filter>F\GameObject\Player</Filter>
    </ClInclude>
    <ClInclude Include="GameOverScene.h">
      <Filter>F\Scene\GameOverScene</Filter>
    </ClInclude>
    <ClInclude Include="StartScene.h">
      <Filter>F\Scene\StartScene</Filter>
    </ClInclude>
    <ClInclude Include="ReelComponent.h">
      <Filter>F\Slot</Filter>
    </ClInclude>
    <ClInclude Include="GameUIManager.h">
      <Filter>F\UI</Filter>
    </ClInclude>
    <ClInclude Include="GameScene.h">
      <Filter>F\Scene\GameScene</Filter>
    </ClInclude>
    <ClInclude Include="PlayerManager.h">
      <Filter>F\GameObject\Player</Filter>
    </ClInclude>
    <ClInclude Include="AnimationManager.h">
      <Filter>F\Animation</Filter>
    </ClInclude>
    <ClInclude Include="StageManager.h">
      <Filter>F\Scene\Stage</Filter>
    </ClInclude>
    <ClInclude Include="ReelController.h">
      <Filter>F\Slot</Filter>
    </ClInclude>
    <ClInclude Include="ReelJudge.h">
      <Filter>F\Slot</Filter>
    </ClInclude>
  </ItemGroup>
  <ItemGroup>
    <FxCompile Include="VertexShader.hlsl">
      <Filter>リソース ファイル</Filter>
    </FxCompile>
    <FxCompile Include="PixelShader.hlsl">
      <Filter>リソース ファイル</Filter>
    </FxCompile>
    <FxCompile Include="SkinningVS.hlsl">
      <Filter>リソース ファイル</Filter>
    </FxCompile>
    <FxCompile Include="SkinningPS.hlsl">
      <Filter>リソース ファイル</Filter>
    </FxCompile>
    <FxCompile Include="UIPixelShader.hlsl">
      <Filter>リソース ファイル</Filter>
    </FxCompile>
    <FxCompile Include="UIVertexShader.hlsl">
      <Filter>リソース ファイル</Filter>
    </FxCompile>
  </ItemGroup>
</Project>